
Microsoft Visual Studio Solution File, Format Version 12.00
# Visual Studio Version 17
VisualStudioVersion = 17.2.32516.85
MinimumVisualStudioVersion = 10.0.40219.1
Project("{9A19103F-16F7-4668-BE54-9A1E7A4F7556}") = "Siparis.Entity", "Siparis.Entity\Siparis.Entity.csproj", "{1359BE36-4BFD-4567-BE13-E63431BBA009}"
EndProject
Project("{9A19103F-16F7-4668-BE54-9A1E7A4F7556}") = "siparis.DAL", "siparis.DAL\siparis.DAL.csproj", "{1EB347AB-1845-4B36-B868-415F051DC75A}"
EndProject
Project("{FAE04EC0-301F-11D3-BF4B-00C04F79EFBC}") = "Northwind.Entity", "Northwind.Entity\Northwind.Entity.csproj", "{4EECCDE5-1EAC-411F-B5A2-073080D743A2}"
EndProject
Global
	GlobalSection(SolutionConfigurationPlatforms) = preSolution
		Debug|Any CPU = Debug|Any CPU
		Release|Any CPU = Release|Any CPU
	EndGlobalSection
	GlobalSection(ProjectConfigurationPlatforms) = postSolution
		{1359BE36-4BFD-4567-BE13-E63431BBA009}.Debug|Any CPU.ActiveCfg = Debug|Any CPU
		{1359BE36-4BFD-4567-BE13-E63431BBA009}.Debug|Any CPU.Build.0 = Debug|Any CPU
		{1359BE36-4BFD-4567-BE13-E63431BBA009}.Release|Any CPU.ActiveCfg = Release|Any CPU
		{1359BE36-4BFD-4567-BE13-E63431BBA009}.Release|Any CPU.Build.0 = Release|Any CPU
		{1EB347AB-1845-4B36-B868-415F051DC75A}.Debug|Any CPU.ActiveCfg = Debug|Any CPU
		{1EB347AB-1845-4B36-B868-415F051DC75A}.Debug|Any CPU.Build.0 = Debug|Any CPU
		{1EB347AB-1845-4B36-B868-415F051DC75A}.Release|Any CPU.ActiveCfg = Release|Any CPU
		{1EB347AB-1845-4B36-B868-415F051DC75A}.Release|Any CPU.Build.0 = Release|Any CPU
		{4EECCDE5-1EAC-411F-B5A2-073080D743A2}.Debug|Any CPU.ActiveCfg = Debug|Any CPU
		{4EECCDE5-1EAC-411F-B5A2-073080D743A2}.Debug|Any CPU.Build.0 = Debug|Any CPU
		{4EECCDE5-1EAC-411F-B5A2-073080D743A2}.Release|Any CPU.ActiveCfg = Release|Any CPU
		{4EECCDE5-1EAC-411F-B5A2-073080D743A2}.Release|Any CPU.Build.0 = Release|Any CPU
	EndGlobalSection
	GlobalSection(SolutionProperties) = preSolution
		HideSolutionNode = FALSE
	EndGlobalSection
	GlobalSection(ExtensibilityGlobals) = postSolution
		SolutionGuid = {7FF40817-F412-45E8-85CC-CDBA0AB3FA57}
	EndGlobalSection
EndGlobal
